// !$*UTF8*$!
{
	archiveVersion = 1;
	classes = {
	};
	objectVersion = 51;
	objects = {

/* Begin PBXBuildFile section */
		20EB863C147484185D84F13D /* Pods_TECBox.framework in Frameworks */ = {isa = PBXBuildFile; fileRef = 70896B201D956A8BA16F1ADF /* Pods_TECBox.framework */; };
		A901B3EB241353C000242EAA /* MotherView.swift in Sources */ = {isa = PBXBuildFile; fileRef = A901B3EA241353C000242EAA /* MotherView.swift */; };
		A901B3ED241354B100242EAA /* Session.swift in Sources */ = {isa = PBXBuildFile; fileRef = A901B3EC241354B100242EAA /* Session.swift */; };
		A901B3EF2413566F00242EAA /* MenuView.swift in Sources */ = {isa = PBXBuildFile; fileRef = A901B3EE2413566F00242EAA /* MenuView.swift */; };
		A908EE0D2414241C00050401 /* Connection.swift in Sources */ = {isa = PBXBuildFile; fileRef = A908EE0C2414241C00050401 /* Connection.swift */; };
		A908EE132414246600050401 /* Holder.swift in Sources */ = {isa = PBXBuildFile; fileRef = A908EE122414246600050401 /* Holder.swift */; };
		A908EE15241432A000050401 /* GoogleService-Info.plist in Resources */ = {isa = PBXBuildFile; fileRef = A908EE14241432A000050401 /* GoogleService-Info.plist */; };
		A908EE1B24143EA300050401 /* User.swift in Sources */ = {isa = PBXBuildFile; fileRef = A908EE1A24143EA300050401 /* User.swift */; };
		A908EE1D2414551D00050401 /* SettingsView.swift in Sources */ = {isa = PBXBuildFile; fileRef = A908EE1C2414551D00050401 /* SettingsView.swift */; };
		A908EE1F2414573C00050401 /* PackageView.swift in Sources */ = {isa = PBXBuildFile; fileRef = A908EE1E2414573C00050401 /* PackageView.swift */; };
		A92B13BE2420190A00F48B3A /* PullToRefresh.swift in Sources */ = {isa = PBXBuildFile; fileRef = A92B13BD2420190A00F48B3A /* PullToRefresh.swift */; };
		A92B13C5242022B100F48B3A /* Interface.storyboard in Resources */ = {isa = PBXBuildFile; fileRef = A92B13C3242022B100F48B3A /* Interface.storyboard */; };
		A92B13C7242022B300F48B3A /* Assets.xcassets in Resources */ = {isa = PBXBuildFile; fileRef = A92B13C6242022B300F48B3A /* Assets.xcassets */; };
		A92B13CE242022B300F48B3A /* TECBox-Watch Extension.appex in Embed App Extensions */ = {isa = PBXBuildFile; fileRef = A92B13CD242022B300F48B3A /* TECBox-Watch Extension.appex */; settings = {ATTRIBUTES = (RemoveHeadersOnCopy, ); }; };
		A92B13D3242022B300F48B3A /* ContentView.swift in Sources */ = {isa = PBXBuildFile; fileRef = A92B13D2242022B300F48B3A /* ContentView.swift */; };
		A92B13D5242022B300F48B3A /* HostingController.swift in Sources */ = {isa = PBXBuildFile; fileRef = A92B13D4242022B300F48B3A /* HostingController.swift */; };
		A92B13D7242022B300F48B3A /* ExtensionDelegate.swift in Sources */ = {isa = PBXBuildFile; fileRef = A92B13D6242022B300F48B3A /* ExtensionDelegate.swift */; };
		A92B13D9242022B300F48B3A /* NotificationController.swift in Sources */ = {isa = PBXBuildFile; fileRef = A92B13D8242022B300F48B3A /* NotificationController.swift */; };
		A92B13DB242022B300F48B3A /* NotificationView.swift in Sources */ = {isa = PBXBuildFile; fileRef = A92B13DA242022B300F48B3A /* NotificationView.swift */; };
		A92B13DD242022B400F48B3A /* Assets.xcassets in Resources */ = {isa = PBXBuildFile; fileRef = A92B13DC242022B400F48B3A /* Assets.xcassets */; };
		A92B13E0242022B400F48B3A /* Preview Assets.xcassets in Resources */ = {isa = PBXBuildFile; fileRef = A92B13DF242022B400F48B3A /* Preview Assets.xcassets */; };
		A92B13E5242022B400F48B3A /* TECBox-Watch.app in Embed Watch Content */ = {isa = PBXBuildFile; fileRef = A92B13C1242022B100F48B3A /* TECBox-Watch.app */; settings = {ATTRIBUTES = (RemoveHeadersOnCopy, ); }; };
		A92B13EF242024FB00F48B3A /* Assets.xcassets in Resources */ = {isa = PBXBuildFile; fileRef = A9C7CAE92411D30E000F1CD7 /* Assets.xcassets */; };
		A92B13F02420257000F48B3A /* Assets.xcassets in Resources */ = {isa = PBXBuildFile; fileRef = A9C7CAE92411D30E000F1CD7 /* Assets.xcassets */; };
		A92B13F52420266C00F48B3A /* WatchPackageDetail.swift in Sources */ = {isa = PBXBuildFile; fileRef = A92B13F42420266C00F48B3A /* WatchPackageDetail.swift */; };
		A92B13F72420272400F48B3A /* Package.swift in Sources */ = {isa = PBXBuildFile; fileRef = A961657724145CF5004569BF /* Package.swift */; };
		A961657424145AA3004569BF /* Extensions.swift in Sources */ = {isa = PBXBuildFile; fileRef = A961657324145AA3004569BF /* Extensions.swift */; };
		A961657624145B61004569BF /* packages.json in Resources */ = {isa = PBXBuildFile; fileRef = A961657524145B61004569BF /* packages.json */; };
		A961657824145CF6004569BF /* Package.swift in Sources */ = {isa = PBXBuildFile; fileRef = A961657724145CF5004569BF /* Package.swift */; };
		A961657E24145DBE004569BF /* PackageRow.swift in Sources */ = {isa = PBXBuildFile; fileRef = A961657D24145DBE004569BF /* PackageRow.swift */; };
		A961658024146AFB004569BF /* PackageDetail.swift in Sources */ = {isa = PBXBuildFile; fileRef = A961657F24146AFB004569BF /* PackageDetail.swift */; };
		A961658224148020004569BF /* Styles.swift in Sources */ = {isa = PBXBuildFile; fileRef = A961658124148020004569BF /* Styles.swift */; };
		A9C7CAE42411D30D000F1CD7 /* AppDelegate.swift in Sources */ = {isa = PBXBuildFile; fileRef = A9C7CAE32411D30D000F1CD7 /* AppDelegate.swift */; };
		A9C7CAE62411D30D000F1CD7 /* SceneDelegate.swift in Sources */ = {isa = PBXBuildFile; fileRef = A9C7CAE52411D30D000F1CD7 /* SceneDelegate.swift */; };
		A9C7CAE82411D30D000F1CD7 /* LogInView.swift in Sources */ = {isa = PBXBuildFile; fileRef = A9C7CAE72411D30D000F1CD7 /* LogInView.swift */; };
		A9C7CAEA2411D30E000F1CD7 /* Assets.xcassets in Resources */ = {isa = PBXBuildFile; fileRef = A9C7CAE92411D30E000F1CD7 /* Assets.xcassets */; };
		A9C7CAED2411D30E000F1CD7 /* Preview Assets.xcassets in Resources */ = {isa = PBXBuildFile; fileRef = A9C7CAEC2411D30E000F1CD7 /* Preview Assets.xcassets */; };
		A9C7CAF02411D30E000F1CD7 /* LaunchScreen.storyboard in Resources */ = {isa = PBXBuildFile; fileRef = A9C7CAEE2411D30E000F1CD7 /* LaunchScreen.storyboard */; };
		A9EFB99E2412E9A1005BDB25 /* KeyboardResponder.swift in Sources */ = {isa = PBXBuildFile; fileRef = A9EFB99D2412E9A1005BDB25 /* KeyboardResponder.swift */; };
/* End PBXBuildFile section */

/* Begin PBXContainerItemProxy section */
		A92B13CF242022B300F48B3A /* PBXContainerItemProxy */ = {
			isa = PBXContainerItemProxy;
			containerPortal = A9C7CAD82411D30D000F1CD7 /* Project object */;
			proxyType = 1;
			remoteGlobalIDString = A92B13CC242022B300F48B3A;
			remoteInfo = "TECBox-Watch Extension";
		};
		A92B13E3242022B400F48B3A /* PBXContainerItemProxy */ = {
			isa = PBXContainerItemProxy;
			containerPortal = A9C7CAD82411D30D000F1CD7 /* Project object */;
			proxyType = 1;
			remoteGlobalIDString = A92B13C0242022B100F48B3A;
			remoteInfo = "TECBox-Watch";
		};
/* End PBXContainerItemProxy section */

/* Begin PBXCopyFilesBuildPhase section */
		A92B13E9242022B400F48B3A /* Embed App Extensions */ = {
			isa = PBXCopyFilesBuildPhase;
			buildActionMask = 2147483647;
			dstPath = "";
			dstSubfolderSpec = 13;
			files = (
				A92B13CE242022B300F48B3A /* TECBox-Watch Extension.appex in Embed App Extensions */,
			);
			name = "Embed App Extensions";
			runOnlyForDeploymentPostprocessing = 0;
		};
		A92B13ED242022B400F48B3A /* Embed Watch Content */ = {
			isa = PBXCopyFilesBuildPhase;
			buildActionMask = 2147483647;
			dstPath = "$(CONTENTS_FOLDER_PATH)/Watch";
			dstSubfolderSpec = 16;
			files = (
				A92B13E5242022B400F48B3A /* TECBox-Watch.app in Embed Watch Content */,
			);
			name = "Embed Watch Content";
			runOnlyForDeploymentPostprocessing = 0;
		};
/* End PBXCopyFilesBuildPhase section */

/* Begin PBXFileReference section */
		4FB4538BDDB17AF1DE96E439 /* Pods-TECBox.debug.xcconfig */ = {isa = PBXFileReference; includeInIndex = 1; lastKnownFileType = text.xcconfig; name = "Pods-TECBox.debug.xcconfig"; path = "Target Support Files/Pods-TECBox/Pods-TECBox.debug.xcconfig"; sourceTree = "<group>"; };
		594403D342C3546A2D31C27A /* Pods-TECBox.release.xcconfig */ = {isa = PBXFileReference; includeInIndex = 1; lastKnownFileType = text.xcconfig; name = "Pods-TECBox.release.xcconfig"; path = "Target Support Files/Pods-TECBox/Pods-TECBox.release.xcconfig"; sourceTree = "<group>"; };
		70896B201D956A8BA16F1ADF /* Pods_TECBox.framework */ = {isa = PBXFileReference; explicitFileType = wrapper.framework; includeInIndex = 0; path = Pods_TECBox.framework; sourceTree = BUILT_PRODUCTS_DIR; };
		A901B3EA241353C000242EAA /* MotherView.swift */ = {isa = PBXFileReference; lastKnownFileType = sourcecode.swift; path = MotherView.swift; sourceTree = "<group>"; };
		A901B3EC241354B100242EAA /* Session.swift */ = {isa = PBXFileReference; lastKnownFileType = sourcecode.swift; path = Session.swift; sourceTree = "<group>"; };
		A901B3EE2413566F00242EAA /* MenuView.swift */ = {isa = PBXFileReference; lastKnownFileType = sourcecode.swift; path = MenuView.swift; sourceTree = "<group>"; };
		A908EE0C2414241C00050401 /* Connection.swift */ = {isa = PBXFileReference; lastKnownFileType = sourcecode.swift; path = Connection.swift; sourceTree = "<group>"; };
		A908EE122414246600050401 /* Holder.swift */ = {isa = PBXFileReference; lastKnownFileType = sourcecode.swift; path = Holder.swift; sourceTree = "<group>"; };
		A908EE14241432A000050401 /* GoogleService-Info.plist */ = {isa = PBXFileReference; fileEncoding = 4; lastKnownFileType = text.plist.xml; path = "GoogleService-Info.plist"; sourceTree = "<group>"; };
		A908EE1A24143EA300050401 /* User.swift */ = {isa = PBXFileReference; lastKnownFileType = sourcecode.swift; path = User.swift; sourceTree = "<group>"; };
		A908EE1C2414551D00050401 /* SettingsView.swift */ = {isa = PBXFileReference; lastKnownFileType = sourcecode.swift; path = SettingsView.swift; sourceTree = "<group>"; };
		A908EE1E2414573C00050401 /* PackageView.swift */ = {isa = PBXFileReference; lastKnownFileType = sourcecode.swift; path = PackageView.swift; sourceTree = "<group>"; };
		A92B13BD2420190A00F48B3A /* PullToRefresh.swift */ = {isa = PBXFileReference; lastKnownFileType = sourcecode.swift; path = PullToRefresh.swift; sourceTree = "<group>"; };
		A92B13C1242022B100F48B3A /* TECBox-Watch.app */ = {isa = PBXFileReference; explicitFileType = wrapper.application; includeInIndex = 0; path = "TECBox-Watch.app"; sourceTree = BUILT_PRODUCTS_DIR; };
		A92B13C4242022B100F48B3A /* Base */ = {isa = PBXFileReference; lastKnownFileType = file.storyboard; name = Base; path = Base.lproj/Interface.storyboard; sourceTree = "<group>"; };
		A92B13C6242022B300F48B3A /* Assets.xcassets */ = {isa = PBXFileReference; lastKnownFileType = folder.assetcatalog; path = Assets.xcassets; sourceTree = "<group>"; };
		A92B13C8242022B300F48B3A /* Info.plist */ = {isa = PBXFileReference; lastKnownFileType = text.plist.xml; path = Info.plist; sourceTree = "<group>"; };
		A92B13CD242022B300F48B3A /* TECBox-Watch Extension.appex */ = {isa = PBXFileReference; explicitFileType = "wrapper.app-extension"; includeInIndex = 0; path = "TECBox-Watch Extension.appex"; sourceTree = BUILT_PRODUCTS_DIR; };
		A92B13D2242022B300F48B3A /* ContentView.swift */ = {isa = PBXFileReference; lastKnownFileType = sourcecode.swift; path = ContentView.swift; sourceTree = "<group>"; };
		A92B13D4242022B300F48B3A /* HostingController.swift */ = {isa = PBXFileReference; lastKnownFileType = sourcecode.swift; path = HostingController.swift; sourceTree = "<group>"; };
		A92B13D6242022B300F48B3A /* ExtensionDelegate.swift */ = {isa = PBXFileReference; lastKnownFileType = sourcecode.swift; path = ExtensionDelegate.swift; sourceTree = "<group>"; };
		A92B13D8242022B300F48B3A /* NotificationController.swift */ = {isa = PBXFileReference; lastKnownFileType = sourcecode.swift; path = NotificationController.swift; sourceTree = "<group>"; };
		A92B13DA242022B300F48B3A /* NotificationView.swift */ = {isa = PBXFileReference; lastKnownFileType = sourcecode.swift; path = NotificationView.swift; sourceTree = "<group>"; };
		A92B13DC242022B400F48B3A /* Assets.xcassets */ = {isa = PBXFileReference; lastKnownFileType = folder.assetcatalog; path = Assets.xcassets; sourceTree = "<group>"; };
		A92B13DF242022B400F48B3A /* Preview Assets.xcassets */ = {isa = PBXFileReference; lastKnownFileType = folder.assetcatalog; path = "Preview Assets.xcassets"; sourceTree = "<group>"; };
		A92B13E1242022B400F48B3A /* Info.plist */ = {isa = PBXFileReference; lastKnownFileType = text.plist.xml; path = Info.plist; sourceTree = "<group>"; };
		A92B13E2242022B400F48B3A /* PushNotificationPayload.apns */ = {isa = PBXFileReference; lastKnownFileType = text; path = PushNotificationPayload.apns; sourceTree = "<group>"; };
		A92B13F42420266C00F48B3A /* WatchPackageDetail.swift */ = {isa = PBXFileReference; lastKnownFileType = sourcecode.swift; path = WatchPackageDetail.swift; sourceTree = "<group>"; };
		A961657324145AA3004569BF /* Extensions.swift */ = {isa = PBXFileReference; lastKnownFileType = sourcecode.swift; path = Extensions.swift; sourceTree = "<group>"; };
		A961657524145B61004569BF /* packages.json */ = {isa = PBXFileReference; fileEncoding = 4; lastKnownFileType = text.json; path = packages.json; sourceTree = "<group>"; };
		A961657724145CF5004569BF /* Package.swift */ = {isa = PBXFileReference; lastKnownFileType = sourcecode.swift; path = Package.swift; sourceTree = "<group>"; };
		A961657D24145DBE004569BF /* PackageRow.swift */ = {isa = PBXFileReference; lastKnownFileType = sourcecode.swift; path = PackageRow.swift; sourceTree = "<group>"; };
		A961657F24146AFB004569BF /* PackageDetail.swift */ = {isa = PBXFileReference; lastKnownFileType = sourcecode.swift; path = PackageDetail.swift; sourceTree = "<group>"; };
		A961658124148020004569BF /* Styles.swift */ = {isa = PBXFileReference; lastKnownFileType = sourcecode.swift; path = Styles.swift; sourceTree = "<group>"; };
		A9C7CAE02411D30D000F1CD7 /* TECBox.app */ = {isa = PBXFileReference; explicitFileType = wrapper.application; includeInIndex = 0; path = TECBox.app; sourceTree = BUILT_PRODUCTS_DIR; };
		A9C7CAE32411D30D000F1CD7 /* AppDelegate.swift */ = {isa = PBXFileReference; lastKnownFileType = sourcecode.swift; path = AppDelegate.swift; sourceTree = "<group>"; };
		A9C7CAE52411D30D000F1CD7 /* SceneDelegate.swift */ = {isa = PBXFileReference; lastKnownFileType = sourcecode.swift; path = SceneDelegate.swift; sourceTree = "<group>"; };
		A9C7CAE72411D30D000F1CD7 /* LogInView.swift */ = {isa = PBXFileReference; indentWidth = 4; lastKnownFileType = sourcecode.swift; path = LogInView.swift; sourceTree = "<group>"; tabWidth = 4; };
		A9C7CAE92411D30E000F1CD7 /* Assets.xcassets */ = {isa = PBXFileReference; lastKnownFileType = folder.assetcatalog; path = Assets.xcassets; sourceTree = "<group>"; };
		A9C7CAEC2411D30E000F1CD7 /* Preview Assets.xcassets */ = {isa = PBXFileReference; lastKnownFileType = folder.assetcatalog; path = "Preview Assets.xcassets"; sourceTree = "<group>"; };
		A9C7CAEF2411D30E000F1CD7 /* Base */ = {isa = PBXFileReference; lastKnownFileType = file.storyboard; name = Base; path = Base.lproj/LaunchScreen.storyboard; sourceTree = "<group>"; };
		A9C7CAF12411D30E000F1CD7 /* Info.plist */ = {isa = PBXFileReference; lastKnownFileType = text.plist.xml; path = Info.plist; sourceTree = "<group>"; };
		A9EFB99D2412E9A1005BDB25 /* KeyboardResponder.swift */ = {isa = PBXFileReference; lastKnownFileType = sourcecode.swift; path = KeyboardResponder.swift; sourceTree = "<group>"; };
/* End PBXFileReference section */

/* Begin PBXFrameworksBuildPhase section */
		A92B13CA242022B300F48B3A /* Frameworks */ = {
			isa = PBXFrameworksBuildPhase;
			buildActionMask = 2147483647;
			files = (
			);
			runOnlyForDeploymentPostprocessing = 0;
		};
		A9C7CADD2411D30D000F1CD7 /* Frameworks */ = {
			isa = PBXFrameworksBuildPhase;
			buildActionMask = 2147483647;
			files = (
				20EB863C147484185D84F13D /* Pods_TECBox.framework in Frameworks */,
			);
			runOnlyForDeploymentPostprocessing = 0;
		};
/* End PBXFrameworksBuildPhase section */

/* Begin PBXGroup section */
		5699A9D9D3011F5F7DE29C7E /* Frameworks */ = {
			isa = PBXGroup;
			children = (
				70896B201D956A8BA16F1ADF /* Pods_TECBox.framework */,
			);
			name = Frameworks;
			sourceTree = "<group>";
		};
		A901B3F02413568B00242EAA /* Views */ = {
			isa = PBXGroup;
			children = (
				A961657924145D94004569BF /* Subviews */,
				A9C7CAE72411D30D000F1CD7 /* LogInView.swift */,
				A901B3EE2413566F00242EAA /* MenuView.swift */,
				A908EE1C2414551D00050401 /* SettingsView.swift */,
				A908EE1E2414573C00050401 /* PackageView.swift */,
			);
			path = Views;
			sourceTree = "<group>";
		};
		A908EE0B241422F800050401 /* Server */ = {
			isa = PBXGroup;
			children = (
				A908EE0C2414241C00050401 /* Connection.swift */,
				A908EE122414246600050401 /* Holder.swift */,
			);
			path = Server;
			sourceTree = "<group>";
		};
		A908EE1924143E9600050401 /* Data */ = {
			isa = PBXGroup;
			children = (
				A908EE1A24143EA300050401 /* User.swift */,
				A961657524145B61004569BF /* packages.json */,
				A961657724145CF5004569BF /* Package.swift */,
			);
			path = Data;
			sourceTree = "<group>";
		};
		A92B13C2242022B100F48B3A /* TECBox-Watch */ = {
			isa = PBXGroup;
			children = (
				A92B13C3242022B100F48B3A /* Interface.storyboard */,
				A92B13C6242022B300F48B3A /* Assets.xcassets */,
				A92B13C8242022B300F48B3A /* Info.plist */,
			);
			path = "TECBox-Watch";
			sourceTree = "<group>";
		};
		A92B13D1242022B300F48B3A /* TECBox-Watch Extension */ = {
			isa = PBXGroup;
			children = (
				A92B13F12420263700F48B3A /* Views */,
				A92B13D2242022B300F48B3A /* ContentView.swift */,
				A92B13D4242022B300F48B3A /* HostingController.swift */,
				A92B13D6242022B300F48B3A /* ExtensionDelegate.swift */,
				A92B13D8242022B300F48B3A /* NotificationController.swift */,
				A92B13DA242022B300F48B3A /* NotificationView.swift */,
				A92B13DC242022B400F48B3A /* Assets.xcassets */,
				A92B13E1242022B400F48B3A /* Info.plist */,
				A92B13E2242022B400F48B3A /* PushNotificationPayload.apns */,
				A92B13DE242022B400F48B3A /* Preview Content */,
			);
			path = "TECBox-Watch Extension";
			sourceTree = "<group>";
		};
		A92B13DE242022B400F48B3A /* Preview Content */ = {
			isa = PBXGroup;
			children = (
				A92B13DF242022B400F48B3A /* Preview Assets.xcassets */,
			);
			path = "Preview Content";
			sourceTree = "<group>";
		};
		A92B13F12420263700F48B3A /* Views */ = {
			isa = PBXGroup;
			children = (
				A92B13F42420266C00F48B3A /* WatchPackageDetail.swift */,
			);
			path = Views;
			sourceTree = "<group>";
		};
		A961657924145D94004569BF /* Subviews */ = {
			isa = PBXGroup;
			children = (
				A961657D24145DBE004569BF /* PackageRow.swift */,
				A961657F24146AFB004569BF /* PackageDetail.swift */,
			);
			path = Subviews;
			sourceTree = "<group>";
		};
		A9C7CAD72411D30D000F1CD7 = {
			isa = PBXGroup;
			children = (
				A9C7CAE22411D30D000F1CD7 /* TECBox */,
				A92B13C2242022B100F48B3A /* TECBox-Watch */,
				A92B13D1242022B300F48B3A /* TECBox-Watch Extension */,
				A9C7CAE12411D30D000F1CD7 /* Products */,
				F53BF171731C38BA47D4A762 /* Pods */,
				5699A9D9D3011F5F7DE29C7E /* Frameworks */,
			);
			sourceTree = "<group>";
		};
		A9C7CAE12411D30D000F1CD7 /* Products */ = {
			isa = PBXGroup;
			children = (
				A9C7CAE02411D30D000F1CD7 /* TECBox.app */,
				A92B13C1242022B100F48B3A /* TECBox-Watch.app */,
				A92B13CD242022B300F48B3A /* TECBox-Watch Extension.appex */,
			);
			name = Products;
			sourceTree = "<group>";
		};
		A9C7CAE22411D30D000F1CD7 /* TECBox */ = {
			isa = PBXGroup;
			children = (
				A908EE1924143E9600050401 /* Data */,
				A908EE0B241422F800050401 /* Server */,
				A901B3F02413568B00242EAA /* Views */,
				A9EFB99F2412ED4F005BDB25 /* Util */,
				A9C7CAE32411D30D000F1CD7 /* AppDelegate.swift */,
				A9C7CAE52411D30D000F1CD7 /* SceneDelegate.swift */,
				A901B3EA241353C000242EAA /* MotherView.swift */,
				A9C7CAE92411D30E000F1CD7 /* Assets.xcassets */,
				A9C7CAEE2411D30E000F1CD7 /* LaunchScreen.storyboard */,
				A9C7CAF12411D30E000F1CD7 /* Info.plist */,
				A908EE14241432A000050401 /* GoogleService-Info.plist */,
				A9C7CAEB2411D30E000F1CD7 /* Preview Content */,
			);
			path = TECBox;
			sourceTree = "<group>";
		};
		A9C7CAEB2411D30E000F1CD7 /* Preview Content */ = {
			isa = PBXGroup;
			children = (
				A9C7CAEC2411D30E000F1CD7 /* Preview Assets.xcassets */,
			);
			path = "Preview Content";
			sourceTree = "<group>";
		};
		A9EFB99F2412ED4F005BDB25 /* Util */ = {
			isa = PBXGroup;
			children = (
				A9EFB99D2412E9A1005BDB25 /* KeyboardResponder.swift */,
				A901B3EC241354B100242EAA /* Session.swift */,
				A961657324145AA3004569BF /* Extensions.swift */,
				A961658124148020004569BF /* Styles.swift */,
				A92B13BD2420190A00F48B3A /* PullToRefresh.swift */,
			);
			path = Util;
			sourceTree = "<group>";
		};
		F53BF171731C38BA47D4A762 /* Pods */ = {
			isa = PBXGroup;
			children = (
				4FB4538BDDB17AF1DE96E439 /* Pods-TECBox.debug.xcconfig */,
				594403D342C3546A2D31C27A /* Pods-TECBox.release.xcconfig */,
			);
			path = Pods;
			sourceTree = "<group>";
		};
/* End PBXGroup section */

/* Begin PBXNativeTarget section */
		A92B13C0242022B100F48B3A /* TECBox-Watch */ = {
			isa = PBXNativeTarget;
			buildConfigurationList = A92B13EA242022B400F48B3A /* Build configuration list for PBXNativeTarget "TECBox-Watch" */;
			buildPhases = (
				A92B13BF242022B100F48B3A /* Resources */,
				A92B13E9242022B400F48B3A /* Embed App Extensions */,
			);
			buildRules = (
			);
			dependencies = (
				A92B13D0242022B300F48B3A /* PBXTargetDependency */,
			);
			name = "TECBox-Watch";
			productName = "TECBox-Watch";
			productReference = A92B13C1242022B100F48B3A /* TECBox-Watch.app */;
			productType = "com.apple.product-type.application.watchapp2";
		};
		A92B13CC242022B300F48B3A /* TECBox-Watch Extension */ = {
			isa = PBXNativeTarget;
			buildConfigurationList = A92B13E6242022B400F48B3A /* Build configuration list for PBXNativeTarget "TECBox-Watch Extension" */;
			buildPhases = (
				A92B13C9242022B300F48B3A /* Sources */,
				A92B13CA242022B300F48B3A /* Frameworks */,
				A92B13CB242022B300F48B3A /* Resources */,
			);
			buildRules = (
			);
			dependencies = (
			);
			name = "TECBox-Watch Extension";
			productName = "TECBox-Watch Extension";
			productReference = A92B13CD242022B300F48B3A /* TECBox-Watch Extension.appex */;
			productType = "com.apple.product-type.watchkit2-extension";
		};
		A9C7CADF2411D30D000F1CD7 /* TECBox */ = {
			isa = PBXNativeTarget;
			buildConfigurationList = A9C7CAF42411D30E000F1CD7 /* Build configuration list for PBXNativeTarget "TECBox" */;
			buildPhases = (
				1F3D389A6ABB77A4C9D04677 /* [CP] Check Pods Manifest.lock */,
				A9C7CADC2411D30D000F1CD7 /* Sources */,
				A9C7CADD2411D30D000F1CD7 /* Frameworks */,
				A9C7CADE2411D30D000F1CD7 /* Resources */,
				9893CAAA04E6CAF27581AE1C /* [CP] Embed Pods Frameworks */,
				A92B13ED242022B400F48B3A /* Embed Watch Content */,
			);
			buildRules = (
			);
			dependencies = (
				A92B13E4242022B400F48B3A /* PBXTargetDependency */,
			);
			name = TECBox;
			packageProductDependencies = (
			);
			productName = TECBox;
			productReference = A9C7CAE02411D30D000F1CD7 /* TECBox.app */;
			productType = "com.apple.product-type.application";
		};
/* End PBXNativeTarget section */

/* Begin PBXProject section */
		A9C7CAD82411D30D000F1CD7 /* Project object */ = {
			isa = PBXProject;
			attributes = {
				LastSwiftUpdateCheck = 1140;
				LastUpgradeCheck = 1130;
				ORGANIZATIONNAME = Schlafenhase;
				TargetAttributes = {
					A92B13C0242022B100F48B3A = {
						CreatedOnToolsVersion = 11.4;
					};
					A92B13CC242022B300F48B3A = {
						CreatedOnToolsVersion = 11.4;
					};
					A9C7CADF2411D30D000F1CD7 = {
						CreatedOnToolsVersion = 11.3.1;
					};
				};
			};
			buildConfigurationList = A9C7CADB2411D30D000F1CD7 /* Build configuration list for PBXProject "TECBox" */;
			compatibilityVersion = "Xcode 9.3";
			developmentRegion = en;
			hasScannedForEncodings = 0;
			knownRegions = (
				en,
				Base,
			);
			mainGroup = A9C7CAD72411D30D000F1CD7;
			packageReferences = (
			);
			productRefGroup = A9C7CAE12411D30D000F1CD7 /* Products */;
			projectDirPath = "";
			projectRoot = "";
			targets = (
				A9C7CADF2411D30D000F1CD7 /* TECBox */,
				A92B13C0242022B100F48B3A /* TECBox-Watch */,
				A92B13CC242022B300F48B3A /* TECBox-Watch Extension */,
			);
		};
/* End PBXProject section */

/* Begin PBXResourcesBuildPhase section */
		A92B13BF242022B100F48B3A /* Resources */ = {
			isa = PBXResourcesBuildPhase;
			buildActionMask = 2147483647;
			files = (
				A92B13C7242022B300F48B3A /* Assets.xcassets in Resources */,
				A92B13F02420257000F48B3A /* Assets.xcassets in Resources */,
				A92B13C5242022B100F48B3A /* Interface.storyboard in Resources */,
			);
			runOnlyForDeploymentPostprocessing = 0;
		};
		A92B13CB242022B300F48B3A /* Resources */ = {
			isa = PBXResourcesBuildPhase;
			buildActionMask = 2147483647;
			files = (
				A92B13E0242022B400F48B3A /* Preview Assets.xcassets in Resources */,
				A92B13EF242024FB00F48B3A /* Assets.xcassets in Resources */,
				A92B13DD242022B400F48B3A /* Assets.xcassets in Resources */,
			);
			runOnlyForDeploymentPostprocessing = 0;
		};
		A9C7CADE2411D30D000F1CD7 /* Resources */ = {
			isa = PBXResourcesBuildPhase;
			buildActionMask = 2147483647;
			files = (
				A961657624145B61004569BF /* packages.json in Resources */,
				A9C7CAF02411D30E000F1CD7 /* LaunchScreen.storyboard in Resources */,
				A908EE15241432A000050401 /* GoogleService-Info.plist in Resources */,
				A9C7CAED2411D30E000F1CD7 /* Preview Assets.xcassets in Resources */,
				A9C7CAEA2411D30E000F1CD7 /* Assets.xcassets in Resources */,
			);
			runOnlyForDeploymentPostprocessing = 0;
		};
/* End PBXResourcesBuildPhase section */

/* Begin PBXShellScriptBuildPhase section */
		1F3D389A6ABB77A4C9D04677 /* [CP] Check Pods Manifest.lock */ = {
			isa = PBXShellScriptBuildPhase;
			buildActionMask = 2147483647;
			files = (
			);
			inputFileListPaths = (
			);
			inputPaths = (
				"${PODS_PODFILE_DIR_PATH}/Podfile.lock",
				"${PODS_ROOT}/Manifest.lock",
			);
			name = "[CP] Check Pods Manifest.lock";
			outputFileListPaths = (
			);
			outputPaths = (
				"$(DERIVED_FILE_DIR)/Pods-TECBox-checkManifestLockResult.txt",
			);
			runOnlyForDeploymentPostprocessing = 0;
			shellPath = /bin/sh;
			shellScript = "diff \"${PODS_PODFILE_DIR_PATH}/Podfile.lock\" \"${PODS_ROOT}/Manifest.lock\" > /dev/null\nif [ $? != 0 ] ; then\n    # print error to STDERR\n    echo \"error: The sandbox is not in sync with the Podfile.lock. Run 'pod install' or update your CocoaPods installation.\" >&2\n    exit 1\nfi\n# This output is used by Xcode 'outputs' to avoid re-running this script phase.\necho \"SUCCESS\" > \"${SCRIPT_OUTPUT_FILE_0}\"\n";
			showEnvVarsInLog = 0;
		};
		9893CAAA04E6CAF27581AE1C /* [CP] Embed Pods Frameworks */ = {
			isa = PBXShellScriptBuildPhase;
			buildActionMask = 2147483647;
			files = (
			);
			inputFileListPaths = (
				"${PODS_ROOT}/Target Support Files/Pods-TECBox/Pods-TECBox-frameworks-${CONFIGURATION}-input-files.xcfilelist",
			);
			name = "[CP] Embed Pods Frameworks";
			outputFileListPaths = (
				"${PODS_ROOT}/Target Support Files/Pods-TECBox/Pods-TECBox-frameworks-${CONFIGURATION}-output-files.xcfilelist",
			);
			runOnlyForDeploymentPostprocessing = 0;
			shellPath = /bin/sh;
			shellScript = "\"${PODS_ROOT}/Target Support Files/Pods-TECBox/Pods-TECBox-frameworks.sh\"\n";
			showEnvVarsInLog = 0;
		};
/* End PBXShellScriptBuildPhase section */

/* Begin PBXSourcesBuildPhase section */
		A92B13C9242022B300F48B3A /* Sources */ = {
			isa = PBXSourcesBuildPhase;
			buildActionMask = 2147483647;
			files = (
				A92B13D5242022B300F48B3A /* HostingController.swift in Sources */,
				A92B13D3242022B300F48B3A /* ContentView.swift in Sources */,
				A92B13D9242022B300F48B3A /* NotificationController.swift in Sources */,
				A92B13F72420272400F48B3A /* Package.swift in Sources */,
				A92B13F52420266C00F48B3A /* WatchPackageDetail.swift in Sources */,
				A92B13D7242022B300F48B3A /* ExtensionDelegate.swift in Sources */,
				A92B13DB242022B300F48B3A /* NotificationView.swift in Sources */,
			);
			runOnlyForDeploymentPostprocessing = 0;
		};
		A9C7CADC2411D30D000F1CD7 /* Sources */ = {
			isa = PBXSourcesBuildPhase;
			buildActionMask = 2147483647;
			files = (
				A901B3EF2413566F00242EAA /* MenuView.swift in Sources */,
				A9C7CAE42411D30D000F1CD7 /* AppDelegate.swift in Sources */,
				A908EE132414246600050401 /* Holder.swift in Sources */,
				A961657E24145DBE004569BF /* PackageRow.swift in Sources */,
				A908EE1F2414573C00050401 /* PackageView.swift in Sources */,
				A9EFB99E2412E9A1005BDB25 /* KeyboardResponder.swift in Sources */,
				A908EE0D2414241C00050401 /* Connection.swift in Sources */,
				A9C7CAE62411D30D000F1CD7 /* SceneDelegate.swift in Sources */,
				A901B3ED241354B100242EAA /* Session.swift in Sources */,
				A961657424145AA3004569BF /* Extensions.swift in Sources */,
				A9C7CAE82411D30D000F1CD7 /* LogInView.swift in Sources */,
				A961657824145CF6004569BF /* Package.swift in Sources */,
				A961658224148020004569BF /* Styles.swift in Sources */,
				A92B13BE2420190A00F48B3A /* PullToRefresh.swift in Sources */,
				A901B3EB241353C000242EAA /* MotherView.swift in Sources */,
				A961658024146AFB004569BF /* PackageDetail.swift in Sources */,
				A908EE1B24143EA300050401 /* User.swift in Sources */,
				A908EE1D2414551D00050401 /* SettingsView.swift in Sources */,
			);
			runOnlyForDeploymentPostprocessing = 0;
		};
/* End PBXSourcesBuildPhase section */

/* Begin PBXTargetDependency section */
		A92B13D0242022B300F48B3A /* PBXTargetDependency */ = {
			isa = PBXTargetDependency;
			target = A92B13CC242022B300F48B3A /* TECBox-Watch Extension */;
			targetProxy = A92B13CF242022B300F48B3A /* PBXContainerItemProxy */;
		};
		A92B13E4242022B400F48B3A /* PBXTargetDependency */ = {
			isa = PBXTargetDependency;
			target = A92B13C0242022B100F48B3A /* TECBox-Watch */;
			targetProxy = A92B13E3242022B400F48B3A /* PBXContainerItemProxy */;
		};
/* End PBXTargetDependency section */

/* Begin PBXVariantGroup section */
		A92B13C3242022B100F48B3A /* Interface.storyboard */ = {
			isa = PBXVariantGroup;
			children = (
				A92B13C4242022B100F48B3A /* Base */,
			);
			name = Interface.storyboard;
			sourceTree = "<group>";
		};
		A9C7CAEE2411D30E000F1CD7 /* LaunchScreen.storyboard */ = {
			isa = PBXVariantGroup;
			children = (
				A9C7CAEF2411D30E000F1CD7 /* Base */,
			);
			name = LaunchScreen.storyboard;
			sourceTree = "<group>";
		};
/* End PBXVariantGroup section */

/* Begin XCBuildConfiguration section */
		A92B13E7242022B400F48B3A /* Debug */ = {
			isa = XCBuildConfiguration;
			buildSettings = {
				ASSETCATALOG_COMPILER_COMPLICATION_NAME = Complication;
				CODE_SIGN_STYLE = Automatic;
				DEVELOPMENT_ASSET_PATHS = "\"TECBox-Watch Extension/Preview Content\"";
				DEVELOPMENT_TEAM = 6UU452CNJ4;
				ENABLE_PREVIEWS = YES;
				INFOPLIST_FILE = "TECBox-Watch Extension/Info.plist";
				LD_RUNPATH_SEARCH_PATHS = (
					"$(inherited)",
					"@executable_path/Frameworks",
					"@executable_path/../../Frameworks",
				);
				PRODUCT_BUNDLE_IDENTIFIER = schlafenhase.TECBox.watchkitapp.watchkitextension;
				PRODUCT_NAME = "${TARGET_NAME}";
				SDKROOT = watchos;
				SKIP_INSTALL = YES;
				SWIFT_VERSION = 5.0;
				TARGETED_DEVICE_FAMILY = 4;
				WATCHOS_DEPLOYMENT_TARGET = 6.1;
			};
			name = Debug;
		};
		A92B13E8242022B400F48B3A /* Release */ = {
			isa = XCBuildConfiguration;
			buildSettings = {
				ASSETCATALOG_COMPILER_COMPLICATION_NAME = Complication;
				CODE_SIGN_STYLE = Automatic;
				DEVELOPMENT_ASSET_PATHS = "\"TECBox-Watch Extension/Preview Content\"";
				DEVELOPMENT_TEAM = 6UU452CNJ4;
				ENABLE_PREVIEWS = YES;
				INFOPLIST_FILE = "TECBox-Watch Extension/Info.plist";
				LD_RUNPATH_SEARCH_PATHS = (
					"$(inherited)",
					"@executable_path/Frameworks",
					"@executable_path/../../Frameworks",
				);
				PRODUCT_BUNDLE_IDENTIFIER = schlafenhase.TECBox.watchkitapp.watchkitextension;
				PRODUCT_NAME = "${TARGET_NAME}";
				SDKROOT = watchos;
				SKIP_INSTALL = YES;
				SWIFT_VERSION = 5.0;
				TARGETED_DEVICE_FAMILY = 4;
				WATCHOS_DEPLOYMENT_TARGET = 6.1;
			};
			name = Release;
		};
		A92B13EB242022B400F48B3A /* Debug */ = {
			isa = XCBuildConfiguration;
			buildSettings = {
				ALWAYS_EMBED_SWIFT_STANDARD_LIBRARIES = YES;
				ASSETCATALOG_COMPILER_APPICON_NAME = AppIcon;
				CODE_SIGN_STYLE = Automatic;
				DEVELOPMENT_TEAM = 6UU452CNJ4;
				IBSC_MODULE = TECBox_Watch_Extension;
				INFOPLIST_FILE = "TECBox-Watch/Info.plist";
				PRODUCT_BUNDLE_IDENTIFIER = schlafenhase.TECBox.watchkitapp;
				PRODUCT_NAME = "$(TARGET_NAME)";
				SDKROOT = watchos;
				SKIP_INSTALL = YES;
				SWIFT_VERSION = 5.0;
				TARGETED_DEVICE_FAMILY = 4;
				WATCHOS_DEPLOYMENT_TARGET = 6.1;
			};
			name = Debug;
		};
		A92B13EC242022B400F48B3A /* Release */ = {
			isa = XCBuildConfiguration;
			buildSettings = {
				ALWAYS_EMBED_SWIFT_STANDARD_LIBRARIES = YES;
				ASSETCATALOG_COMPILER_APPICON_NAME = AppIcon;
				CODE_SIGN_STYLE = Automatic;
				DEVELOPMENT_TEAM = 6UU452CNJ4;
				IBSC_MODULE = TECBox_Watch_Extension;
				INFOPLIST_FILE = "TECBox-Watch/Info.plist";
				PRODUCT_BUNDLE_IDENTIFIER = schlafenhase.TECBox.watchkitapp;
				PRODUCT_NAME = "$(TARGET_NAME)";
				SDKROOT = watchos;
				SKIP_INSTALL = YES;
				SWIFT_VERSION = 5.0;
				TARGETED_DEVICE_FAMILY = 4;
				WATCHOS_DEPLOYMENT_TARGET = 6.1;
			};
			name = Release;
		};
		A9C7CAF22411D30E000F1CD7 /* Debug */ = {
			isa = XCBuildConfiguration;
			buildSettings = {
				ALWAYS_SEARCH_USER_PATHS = NO;
				CLANG_ANALYZER_NONNULL = YES;
				CLANG_ANALYZER_NUMBER_OBJECT_CONVERSION = YES_AGGRESSIVE;
				CLANG_CXX_LANGUAGE_STANDARD = "gnu++14";
				CLANG_CXX_LIBRARY = "libc++";
				CLANG_ENABLE_MODULES = YES;
				CLANG_ENABLE_OBJC_ARC = YES;
				CLANG_ENABLE_OBJC_WEAK = YES;
				CLANG_WARN_BLOCK_CAPTURE_AUTORELEASING = YES;
				CLANG_WARN_BOOL_CONVERSION = YES;
				CLANG_WARN_COMMA = YES;
				CLANG_WARN_CONSTANT_CONVERSION = YES;
				CLANG_WARN_DEPRECATED_OBJC_IMPLEMENTATIONS = YES;
				CLANG_WARN_DIRECT_OBJC_ISA_USAGE = YES_ERROR;
				CLANG_WARN_DOCUMENTATION_COMMENTS = YES;
				CLANG_WARN_EMPTY_BODY = YES;
				CLANG_WARN_ENUM_CONVERSION = YES;
				CLANG_WARN_INFINITE_RECURSION = YES;
				CLANG_WARN_INT_CONVERSION = YES;
				CLANG_WARN_NON_LITERAL_NULL_CONVERSION = YES;
				CLANG_WARN_OBJC_IMPLICIT_RETAIN_SELF = YES;
				CLANG_WARN_OBJC_LITERAL_CONVERSION = YES;
				CLANG_WARN_OBJC_ROOT_CLASS = YES_ERROR;
				CLANG_WARN_RANGE_LOOP_ANALYSIS = YES;
				CLANG_WARN_STRICT_PROTOTYPES = YES;
				CLANG_WARN_SUSPICIOUS_MOVE = YES;
				CLANG_WARN_UNGUARDED_AVAILABILITY = YES_AGGRESSIVE;
				CLANG_WARN_UNREACHABLE_CODE = YES;
				CLANG_WARN__DUPLICATE_METHOD_MATCH = YES;
				COPY_PHASE_STRIP = NO;
				DEBUG_INFORMATION_FORMAT = dwarf;
				ENABLE_STRICT_OBJC_MSGSEND = YES;
				ENABLE_TESTABILITY = YES;
				GCC_C_LANGUAGE_STANDARD = gnu11;
				GCC_DYNAMIC_NO_PIC = NO;
				GCC_NO_COMMON_BLOCKS = YES;
				GCC_OPTIMIZATION_LEVEL = 0;
				GCC_PREPROCESSOR_DEFINITIONS = (
					"DEBUG=1",
					"$(inherited)",
				);
				GCC_WARN_64_TO_32_BIT_CONVERSION = YES;
				GCC_WARN_ABOUT_RETURN_TYPE = YES_ERROR;
				GCC_WARN_UNDECLARED_SELECTOR = YES;
				GCC_WARN_UNINITIALIZED_AUTOS = YES_AGGRESSIVE;
				GCC_WARN_UNUSED_FUNCTION = YES;
				GCC_WARN_UNUSED_VARIABLE = YES;
				IPHONEOS_DEPLOYMENT_TARGET = 13.2;
				MTL_ENABLE_DEBUG_INFO = INCLUDE_SOURCE;
				MTL_FAST_MATH = YES;
				ONLY_ACTIVE_ARCH = YES;
				SDKROOT = iphoneos;
				SWIFT_ACTIVE_COMPILATION_CONDITIONS = DEBUG;
				SWIFT_OPTIMIZATION_LEVEL = "-Onone";
			};
			name = Debug;
		};
		A9C7CAF32411D30E000F1CD7 /* Release */ = {
			isa = XCBuildConfiguration;
			buildSettings = {
				ALWAYS_SEARCH_USER_PATHS = NO;
				CLANG_ANALYZER_NONNULL = YES;
				CLANG_ANALYZER_NUMBER_OBJECT_CONVERSION = YES_AGGRESSIVE;
				CLANG_CXX_LANGUAGE_STANDARD = "gnu++14";
				CLANG_CXX_LIBRARY = "libc++";
				CLANG_ENABLE_MODULES = YES;
				CLANG_ENABLE_OBJC_ARC = YES;
				CLANG_ENABLE_OBJC_WEAK = YES;
				CLANG_WARN_BLOCK_CAPTURE_AUTORELEASING = YES;
				CLANG_WARN_BOOL_CONVERSION = YES;
				CLANG_WARN_COMMA = YES;
				CLANG_WARN_CONSTANT_CONVERSION = YES;
				CLANG_WARN_DEPRECATED_OBJC_IMPLEMENTATIONS = YES;
				CLANG_WARN_DIRECT_OBJC_ISA_USAGE = YES_ERROR;
				CLANG_WARN_DOCUMENTATION_COMMENTS = YES;
				CLANG_WARN_EMPTY_BODY = YES;
				CLANG_WARN_ENUM_CONVERSION = YES;
				CLANG_WARN_INFINITE_RECURSION = YES;
				CLANG_WARN_INT_CONVERSION = YES;
				CLANG_WARN_NON_LITERAL_NULL_CONVERSION = YES;
				CLANG_WARN_OBJC_IMPLICIT_RETAIN_SELF = YES;
				CLANG_WARN_OBJC_LITERAL_CONVERSION = YES;
				CLANG_WARN_OBJC_ROOT_CLASS = YES_ERROR;
				CLANG_WARN_RANGE_LOOP_ANALYSIS = YES;
				CLANG_WARN_STRICT_PROTOTYPES = YES;
				CLANG_WARN_SUSPICIOUS_MOVE = YES;
				CLANG_WARN_UNGUARDED_AVAILABILITY = YES_AGGRESSIVE;
				CLANG_WARN_UNREACHABLE_CODE = YES;
				CLANG_WARN__DUPLICATE_METHOD_MATCH = YES;
				COPY_PHASE_STRIP = NO;
				DEBUG_INFORMATION_FORMAT = "dwarf-with-dsym";
				ENABLE_NS_ASSERTIONS = NO;
				ENABLE_STRICT_OBJC_MSGSEND = YES;
				GCC_C_LANGUAGE_STANDARD = gnu11;
				GCC_NO_COMMON_BLOCKS = YES;
				GCC_WARN_64_TO_32_BIT_CONVERSION = YES;
				GCC_WARN_ABOUT_RETURN_TYPE = YES_ERROR;
				GCC_WARN_UNDECLARED_SELECTOR = YES;
				GCC_WARN_UNINITIALIZED_AUTOS = YES_AGGRESSIVE;
				GCC_WARN_UNUSED_FUNCTION = YES;
				GCC_WARN_UNUSED_VARIABLE = YES;
				IPHONEOS_DEPLOYMENT_TARGET = 13.2;
				MTL_ENABLE_DEBUG_INFO = NO;
				MTL_FAST_MATH = YES;
				SDKROOT = iphoneos;
				SWIFT_COMPILATION_MODE = wholemodule;
				SWIFT_OPTIMIZATION_LEVEL = "-O";
				VALIDATE_PRODUCT = YES;
			};
			name = Release;
		};
		A9C7CAF52411D30E000F1CD7 /* Debug */ = {
			isa = XCBuildConfiguration;
			baseConfigurationReference = 4FB4538BDDB17AF1DE96E439 /* Pods-TECBox.debug.xcconfig */;
			buildSettings = {
				ASSETCATALOG_COMPILER_APPICON_NAME = AppIcon;
				CODE_SIGN_STYLE = Automatic;
				DEVELOPMENT_ASSET_PATHS = "\"TECBox/Preview Content\"";
				DEVELOPMENT_TEAM = 6UU452CNJ4;
				ENABLE_PREVIEWS = YES;
				INFOPLIST_FILE = TECBox/Info.plist;
				LD_RUNPATH_SEARCH_PATHS = (
					"$(inherited)",
					"@executable_path/Frameworks",
				);
				PRODUCT_BUNDLE_IDENTIFIER = schlafenhase.TECBox;
				PRODUCT_NAME = "$(TARGET_NAME)";
				SWIFT_VERSION = 5.0;
				TARGETED_DEVICE_FAMILY = "1,2";
			};
			name = Debug;
		};
		A9C7CAF62411D30E000F1CD7 /* Release */ = {
			isa = XCBuildConfiguration;
			baseConfigurationReference = 594403D342C3546A2D31C27A /* Pods-TECBox.release.xcconfig */;
			buildSettings = {
				ASSETCATALOG_COMPILER_APPICON_NAME = AppIcon;
				CODE_SIGN_STYLE = Automatic;
				DEVELOPMENT_ASSET_PATHS = "\"TECBox/Preview Content\"";
				DEVELOPMENT_TEAM = 6UU452CNJ4;
				ENABLE_PREVIEWS = YES;
				INFOPLIST_FILE = TECBox/Info.plist;
				LD_RUNPATH_SEARCH_PATHS = (
					"$(inherited)",
					"@executable_path/Frameworks",
				);
				PRODUCT_BUNDLE_IDENTIFIER = schlafenhase.TECBox;
				PRODUCT_NAME = "$(TARGET_NAME)";
				SWIFT_VERSION = 5.0;
				TARGETED_DEVICE_FAMILY = "1,2";
			};
			name = Release;
		};
/* End XCBuildConfiguration section */

/* Begin XCConfigurationList section */
		A92B13E6242022B400F48B3A /* Build configuration list for PBXNativeTarget "TECBox-Watch Extension" */ = {
			isa = XCConfigurationList;
			buildConfigurations = (
				A92B13E7242022B400F48B3A /* Debug */,
				A92B13E8242022B400F48B3A /* Release */,
			);
			defaultConfigurationIsVisible = 0;
			defaultConfigurationName = Release;
		};
		A92B13EA242022B400F48B3A /* Build configuration list for PBXNativeTarget "TECBox-Watch" */ = {
			isa = XCConfigurationList;
			buildConfigurations = (
				A92B13EB242022B400F48B3A /* Debug */,
				A92B13EC242022B400F48B3A /* Release */,
			);
			defaultConfigurationIsVisible = 0;
			defaultConfigurationName = Release;
		};
		A9C7CADB2411D30D000F1CD7 /* Build configuration list for PBXProject "TECBox" */ = {
			isa = XCConfigurationList;
			buildConfigurations = (
				A9C7CAF22411D30E000F1CD7 /* Debug */,
				A9C7CAF32411D30E000F1CD7 /* Release */,
			);
			defaultConfigurationIsVisible = 0;
			defaultConfigurationName = Release;
		};
		A9C7CAF42411D30E000F1CD7 /* Build configuration list for PBXNativeTarget "TECBox" */ = {
			isa = XCConfigurationList;
			buildConfigurations = (
				A9C7CAF52411D30E000F1CD7 /* Debug */,
				A9C7CAF62411D30E000F1CD7 /* Release */,
			);
			defaultConfigurationIsVisible = 0;
			defaultConfigurationName = Release;
		};
/* End XCConfigurationList section */
	};
	rootObject = A9C7CAD82411D30D000F1CD7 /* Project object */;
}
